
Microsoft Visual Studio Solution File, Format Version 12.00
# Visual Studio 15
VisualStudioVersion = 15.0.28307.329
MinimumVisualStudioVersion = 10.0.40219.1
Project("{FAE04EC0-301F-11D3-BF4B-00C04F79EFBC}") = "PitMate", "PitMate\PitMate.csproj", "{0115CC07-DF92-4017-942C-9BCA93D397DD}"
EndProject
Global
	GlobalSection(SolutionConfigurationPlatforms) = preSolution
		Debug|Any CPU = Debug|Any CPU
		Release|Any CPU = Release|Any CPU
	EndGlobalSection
	GlobalSection(ProjectConfigurationPlatforms) = postSolution
		{0115CC07-DF92-4017-942C-9BCA93D397DD}.Debug|Any CPU.ActiveCfg = Debug|Any CPU
		{0115CC07-DF92-4017-942C-9BCA93D397DD}.Debug|Any CPU.Build.0 = Debug|Any CPU
		{0115CC07-DF92-4017-942C-9BCA93D397DD}.Release|Any CPU.ActiveCfg = Release|Any CPU
		{0115CC07-DF92-4017-942C-9BCA93D397DD}.Release|Any CPU.Build.0 = Release|Any CPU
	EndGlobalSection
	GlobalSection(SolutionProperties) = preSolution
		HideSolutionNode = FALSE
	EndGlobalSection
	GlobalSection(ExtensibilityGlobals) = postSolution
		SolutionGuid = {2A38BA4B-7BE4-46E7-8325-F89C4E7A6A1C}
	EndGlobalSection
EndGlobal
